
Microsoft Visual Studio Solution File, Format Version 12.00
# Visual Studio 2012
Project("{FAE04EC0-301F-11D3-BF4B-00C04F79EFBC}") = "BankKata", "BankKata\BankKata.csproj", "{CCBC8C1B-7586-4373-A9A1-1A5931824522}"
EndProject
Project("{FAE04EC0-301F-11D3-BF4B-00C04F79EFBC}") = "BankKataTests", "BankKataTests\BankKataTests.csproj", "{7780DB5C-CD61-4C3A-B502-731AE9F09D32}"
EndProject
Global
	GlobalSection(SolutionConfigurationPlatforms) = preSolution
		Debug|Any CPU = Debug|Any CPU
		Release|Any CPU = Release|Any CPU
	EndGlobalSection
	GlobalSection(ProjectConfigurationPlatforms) = postSolution
		{CCBC8C1B-7586-4373-A9A1-1A5931824522}.Debug|Any CPU.ActiveCfg = Debug|Any CPU
		{CCBC8C1B-7586-4373-A9A1-1A5931824522}.Debug|Any CPU.Build.0 = Debug|Any CPU
		{CCBC8C1B-7586-4373-A9A1-1A5931824522}.Release|Any CPU.ActiveCfg = Release|Any CPU
		{CCBC8C1B-7586-4373-A9A1-1A5931824522}.Release|Any CPU.Build.0 = Release|Any CPU
		{7780DB5C-CD61-4C3A-B502-731AE9F09D32}.Debug|Any CPU.ActiveCfg = Debug|Any CPU
		{7780DB5C-CD61-4C3A-B502-731AE9F09D32}.Debug|Any CPU.Build.0 = Debug|Any CPU
		{7780DB5C-CD61-4C3A-B502-731AE9F09D32}.Release|Any CPU.ActiveCfg = Release|Any CPU
		{7780DB5C-CD61-4C3A-B502-731AE9F09D32}.Release|Any CPU.Build.0 = Release|Any CPU
	EndGlobalSection
	GlobalSection(SolutionProperties) = preSolution
		HideSolutionNode = FALSE
	EndGlobalSection
EndGlobal
